// !$*UTF8*$!
{
	archiveVersion = 1;
	classes = {
	};
	objectVersion = 56;
	objects = {

/* Begin PBXBuildFile section */
		1EB6C53FE4B3B76CA2572CC0 /* PrayerGuideApp.swift in Sources */ = {isa = PBXBuildFile; fileRef = E96CCAE851145C93BE7FFA8D /* PrayerGuideApp.swift */; };
		F68DF58813821165964BC1D5 /* TodayView.swift in Sources */ = {isa = PBXBuildFile; fileRef = 6D2B48E7994B8FB92EAD312E /* TodayView.swift */; };
		46ADE2E702DB47A0042189C8 /* CitySearchView.swift in Sources */ = {isa = PBXBuildFile; fileRef = 74A754263FDFE37B4B4B2BD4 /* CitySearchView.swift */; };
		A5FF006FC3748C2B072292EF /* SettingsScreen.swift in Sources */ = {isa = PBXBuildFile; fileRef = E8A8CE0405EFF8C322EC2B91 /* SettingsScreen.swift */; };
		511718D2DC98EC0B9AC568D4 /* CityCatalog.swift in Sources */ = {isa = PBXBuildFile; fileRef = 6D143E77923BD42BA0EF2795 /* CityCatalog.swift */; };
		92A5871E92A0C93F7CCC483E /* SettingsStore.swift in Sources */ = {isa = PBXBuildFile; fileRef = 192E8D920962C126E927A9BA /* SettingsStore.swift */; };
		B2AEF611F01935D00EDD3406 /* LocationService.swift in Sources */ = {isa = PBXBuildFile; fileRef = FB281D870E261EC05F0EE53B /* LocationService.swift */; };
		7D63682FB8F5BBA01D382EAE /* NotificationScheduler.swift in Sources */ = {isa = PBXBuildFile; fileRef = DACAE8C0FEB484A68AB3DA40 /* NotificationScheduler.swift */; };
		E165F2A341803E5E0C69B9B8 /* TodayModel.swift in Sources */ = {isa = PBXBuildFile; fileRef = 59A13D0C1D57F0F82BCFA414 /* TodayModel.swift */; };
		917E5E5F0BED7B25BC08E2F6 /* PrayerAlertPlan.swift in Sources */ = {isa = PBXBuildFile; fileRef = B619D0567E620AEE94D468AF /* PrayerAlertPlan.swift */; };
		8F1275163FBB37FB44172ED9 /* MyFiveIntents.swift in Sources */ = {isa = PBXBuildFile; fileRef = 66F05AFF240B66BC03A6AAC2 /* MyFiveIntents.swift */; };
		AC1684B7E0446A772D6812E9 /* PrayerTimeEngine.swift in Sources */ = {isa = PBXBuildFile; fileRef = 7E3BD502AAB5706545CD1E75 /* PrayerTimeEngine.swift */; };
		E6C20F38EF54E7E65BE7364D /* City.swift in Sources */ = {isa = PBXBuildFile; fileRef = 2CE6083C131B877C2ED53133 /* City.swift */; };
		2A92CB235E796D373B36820C /* Palette.swift in Sources */ = {isa = PBXBuildFile; fileRef = D53F756DA4CB47017A58F1CB /* Palette.swift */; };
		8FC3EA58816D953F5D0CF3C4 /* SharedPreferences.swift in Sources */ = {isa = PBXBuildFile; fileRef = 56D2B43E1DB4121BB52F2EBC /* SharedPreferences.swift */; };
		EE9D7A0C3345B9A689266CA8 /* PrayerSnapshot.swift in Sources */ = {isa = PBXBuildFile; fileRef = E08DCB818AFEC7B98A75D249 /* PrayerSnapshot.swift */; };
		8B4349EF0E52C0EC9B7F2BFF /* Assets.xcassets in Resources */ = {isa = PBXBuildFile; fileRef = 2062A7A4CD58571DE9D7FBC1 /* Assets.xcassets */; };
		658EBA8CE3AD785D1F9C94B9 /* PrivacyInfo.xcprivacy in Resources */ = {isa = PBXBuildFile; fileRef = D4FE38E2584573E6FC3F1844 /* PrivacyInfo.xcprivacy */; };
		D68BDEA1E58B0E979BB36E74 /* cities.json in Resources */ = {isa = PBXBuildFile; fileRef = 861EE78C51655AE455D270F9 /* cities.json */; };
		530C62FA314A05D76E173A08 /* MyFiveWidgetBundle.swift in Sources */ = {isa = PBXBuildFile; fileRef = 91DC0852E90E034B7F8AF488 /* MyFiveWidgetBundle.swift */; };
		869A054EAF511F1145962DDB /* NextPrayerWidget.swift in Sources */ = {isa = PBXBuildFile; fileRef = D04F60F9B7466BA66225DA52 /* NextPrayerWidget.swift */; };
		3DF6ACE50D6D40DFF7868599 /* TodayPrayersWidget.swift in Sources */ = {isa = PBXBuildFile; fileRef = D0FA6B08A57E4131D91956C9 /* TodayPrayersWidget.swift */; };
		EC614FED95574F57FA07C18F /* PrayerTimeEngine.swift in Sources */ = {isa = PBXBuildFile; fileRef = 7E3BD502AAB5706545CD1E75 /* PrayerTimeEngine.swift */; };
		6EF67D664852A4370DE91070 /* City.swift in Sources */ = {isa = PBXBuildFile; fileRef = 2CE6083C131B877C2ED53133 /* City.swift */; };
		0872ADA1840F74697E5DEB87 /* Palette.swift in Sources */ = {isa = PBXBuildFile; fileRef = D53F756DA4CB47017A58F1CB /* Palette.swift */; };
		80A5318F2006D73BF0E13C75 /* SharedPreferences.swift in Sources */ = {isa = PBXBuildFile; fileRef = 56D2B43E1DB4121BB52F2EBC /* SharedPreferences.swift */; };
		D53A5EDF49099AE02F144692 /* PrayerSnapshot.swift in Sources */ = {isa = PBXBuildFile; fileRef = E08DCB818AFEC7B98A75D249 /* PrayerSnapshot.swift */; };
		F5ACF36155FC9C24419FCEDC /* Assets.xcassets in Resources */ = {isa = PBXBuildFile; fileRef = 770E41248E47FDFE2C0121FC /* Assets.xcassets */; };
		17A3B8224464C934C283C23D /* PrivacyInfo.xcprivacy in Resources */ = {isa = PBXBuildFile; fileRef = 7CF1E711FFF06841C44B9CB2 /* PrivacyInfo.xcprivacy */; };
		4823B38152121521F941ED1F /* PrayerTimeEngineTests.swift in Sources */ = {isa = PBXBuildFile; fileRef = 8DD7847868199EB22041EEA9 /* PrayerTimeEngineTests.swift */; };
		06A1BF25A1FC0A1FBF4526E2 /* CityCatalogTests.swift in Sources */ = {isa = PBXBuildFile; fileRef = 867FD8C40AE739F47E4FBC0C /* CityCatalogTests.swift */; };
		A735DEF58AB9F28A9BB8E8BA /* PrayerAlertPlanTests.swift in Sources */ = {isa = PBXBuildFile; fileRef = ECF3A79169494B3977A0899C /* PrayerAlertPlanTests.swift */; };
		85CC0E746FF8B717E0600413 /* MyFiveWidgets.appex in Embed Foundation Extensions */ = {isa = PBXBuildFile; fileRef = 1B57B0C87A58442C489D3141 /* MyFiveWidgets.appex */; settings = {ATTRIBUTES = (RemoveHeadersOnCopy, ); }; };
/* End PBXBuildFile section */

/* Begin PBXContainerItemProxy section */
		D799BAE6088A90139B415FCC /* PBXContainerItemProxy */ = {
			isa = PBXContainerItemProxy;
			containerPortal = 98F54143AB4E86B28C3AFEE0 /* Project object */;
			proxyType = 1;
			remoteGlobalIDString = CCD1BDFE40AA20836710EC01;
			remoteInfo = PrayerGuide;
		};
		EE75F2064180905B610A7AAE /* PBXContainerItemProxy */ = {
			isa = PBXContainerItemProxy;
			containerPortal = 98F54143AB4E86B28C3AFEE0 /* Project object */;
			proxyType = 1;
			remoteGlobalIDString = ADEAF5E167D4943BE484764E;
			remoteInfo = MyFiveWidgets;
		};
/* End PBXContainerItemProxy section */

/* Begin PBXCopyFilesBuildPhase section */
		060C35239F908B8E4EB554F4 /* Embed Foundation Extensions */ = {
			isa = PBXCopyFilesBuildPhase;
			buildActionMask = 2147483647;
			dstPath = "";
			dstSubfolderSpec = 13;
			files = (
				85CC0E746FF8B717E0600413 /* MyFiveWidgets.appex in Embed Foundation Extensions */,
			);
			name = "Embed Foundation Extensions";
			runOnlyForDeploymentPostprocessing = 0;
		};
/* End PBXCopyFilesBuildPhase section */

/* Begin PBXFileReference section */
		E96CCAE851145C93BE7FFA8D /* PrayerGuideApp.swift */ = {isa = PBXFileReference; lastKnownFileType = sourcecode.swift; path = PrayerGuideApp.swift; sourceTree = "<group>"; };
		6D2B48E7994B8FB92EAD312E /* TodayView.swift */ = {isa = PBXFileReference; lastKnownFileType = sourcecode.swift; path = TodayView.swift; sourceTree = "<group>"; };
		74A754263FDFE37B4B4B2BD4 /* CitySearchView.swift */ = {isa = PBXFileReference; lastKnownFileType = sourcecode.swift; path = CitySearchView.swift; sourceTree = "<group>"; };
		E8A8CE0405EFF8C322EC2B91 /* SettingsScreen.swift */ = {isa = PBXFileReference; lastKnownFileType = sourcecode.swift; path = SettingsScreen.swift; sourceTree = "<group>"; };
		6D143E77923BD42BA0EF2795 /* CityCatalog.swift */ = {isa = PBXFileReference; lastKnownFileType = sourcecode.swift; path = CityCatalog.swift; sourceTree = "<group>"; };
		192E8D920962C126E927A9BA /* SettingsStore.swift */ = {isa = PBXFileReference; lastKnownFileType = sourcecode.swift; path = SettingsStore.swift; sourceTree = "<group>"; };
		FB281D870E261EC05F0EE53B /* LocationService.swift */ = {isa = PBXFileReference; lastKnownFileType = sourcecode.swift; path = LocationService.swift; sourceTree = "<group>"; };
		DACAE8C0FEB484A68AB3DA40 /* NotificationScheduler.swift */ = {isa = PBXFileReference; lastKnownFileType = sourcecode.swift; path = NotificationScheduler.swift; sourceTree = "<group>"; };
		59A13D0C1D57F0F82BCFA414 /* TodayModel.swift */ = {isa = PBXFileReference; lastKnownFileType = sourcecode.swift; path = TodayModel.swift; sourceTree = "<group>"; };
		B619D0567E620AEE94D468AF /* PrayerAlertPlan.swift */ = {isa = PBXFileReference; lastKnownFileType = sourcecode.swift; path = PrayerAlertPlan.swift; sourceTree = "<group>"; };
		66F05AFF240B66BC03A6AAC2 /* MyFiveIntents.swift */ = {isa = PBXFileReference; lastKnownFileType = sourcecode.swift; path = MyFiveIntents.swift; sourceTree = "<group>"; };
		7E3BD502AAB5706545CD1E75 /* PrayerTimeEngine.swift */ = {isa = PBXFileReference; lastKnownFileType = sourcecode.swift; path = PrayerTimeEngine.swift; sourceTree = "<group>"; };
		2CE6083C131B877C2ED53133 /* City.swift */ = {isa = PBXFileReference; lastKnownFileType = sourcecode.swift; path = City.swift; sourceTree = "<group>"; };
		D53F756DA4CB47017A58F1CB /* Palette.swift */ = {isa = PBXFileReference; lastKnownFileType = sourcecode.swift; path = Palette.swift; sourceTree = "<group>"; };
		56D2B43E1DB4121BB52F2EBC /* SharedPreferences.swift */ = {isa = PBXFileReference; lastKnownFileType = sourcecode.swift; path = SharedPreferences.swift; sourceTree = "<group>"; };
		E08DCB818AFEC7B98A75D249 /* PrayerSnapshot.swift */ = {isa = PBXFileReference; lastKnownFileType = sourcecode.swift; path = PrayerSnapshot.swift; sourceTree = "<group>"; };
		91DC0852E90E034B7F8AF488 /* MyFiveWidgetBundle.swift */ = {isa = PBXFileReference; lastKnownFileType = sourcecode.swift; path = MyFiveWidgetBundle.swift; sourceTree = "<group>"; };
		D04F60F9B7466BA66225DA52 /* NextPrayerWidget.swift */ = {isa = PBXFileReference; lastKnownFileType = sourcecode.swift; path = NextPrayerWidget.swift; sourceTree = "<group>"; };
		D0FA6B08A57E4131D91956C9 /* TodayPrayersWidget.swift */ = {isa = PBXFileReference; lastKnownFileType = sourcecode.swift; path = TodayPrayersWidget.swift; sourceTree = "<group>"; };
		2062A7A4CD58571DE9D7FBC1 /* Assets.xcassets */ = {isa = PBXFileReference; lastKnownFileType = folder.assetcatalog; path = Assets.xcassets; sourceTree = "<group>"; };
		D4FE38E2584573E6FC3F1844 /* PrivacyInfo.xcprivacy */ = {isa = PBXFileReference; lastKnownFileType = text.xml; path = PrivacyInfo.xcprivacy; sourceTree = "<group>"; };
		861EE78C51655AE455D270F9 /* cities.json */ = {isa = PBXFileReference; lastKnownFileType = text.json; path = cities.json; sourceTree = "<group>"; };
		770E41248E47FDFE2C0121FC /* Assets.xcassets */ = {isa = PBXFileReference; lastKnownFileType = folder.assetcatalog; path = Assets.xcassets; sourceTree = "<group>"; };
		7CF1E711FFF06841C44B9CB2 /* PrivacyInfo.xcprivacy */ = {isa = PBXFileReference; lastKnownFileType = text.xml; path = PrivacyInfo.xcprivacy; sourceTree = "<group>"; };
		CDB628049BD29D8D7BC303B1 /* PrayerGuide.entitlements */ = {isa = PBXFileReference; lastKnownFileType = text.plist.entitlements; path = PrayerGuide.entitlements; sourceTree = "<group>"; };
		F424DC4E356CC14C7A5DE297 /* MyFiveWidgets.entitlements */ = {isa = PBXFileReference; lastKnownFileType = text.plist.entitlements; path = MyFiveWidgets.entitlements; sourceTree = "<group>"; };
		0967D1EF9FE20F04AE99D9AF /* Info.plist */ = {isa = PBXFileReference; lastKnownFileType = text.plist.xml; path = Info.plist; sourceTree = "<group>"; };
		8DD7847868199EB22041EEA9 /* PrayerTimeEngineTests.swift */ = {isa = PBXFileReference; lastKnownFileType = sourcecode.swift; path = PrayerTimeEngineTests.swift; sourceTree = "<group>"; };
		867FD8C40AE739F47E4FBC0C /* CityCatalogTests.swift */ = {isa = PBXFileReference; lastKnownFileType = sourcecode.swift; path = CityCatalogTests.swift; sourceTree = "<group>"; };
		ECF3A79169494B3977A0899C /* PrayerAlertPlanTests.swift */ = {isa = PBXFileReference; lastKnownFileType = sourcecode.swift; path = PrayerAlertPlanTests.swift; sourceTree = "<group>"; };
		5718BA8B2965F0F686C8E55B /* PrayerGuide.app */ = {isa = PBXFileReference; explicitFileType = wrapper.application; includeInIndex = 0; path = PrayerGuide.app; sourceTree = BUILT_PRODUCTS_DIR; };
		87D1F151250A9FF7B6372D46 /* PrayerGuideTests.xctest */ = {isa = PBXFileReference; explicitFileType = wrapper.cfbundle; includeInIndex = 0; path = PrayerGuideTests.xctest; sourceTree = BUILT_PRODUCTS_DIR; };
		1B57B0C87A58442C489D3141 /* MyFiveWidgets.appex */ = {isa = PBXFileReference; explicitFileType = "wrapper.app-extension"; includeInIndex = 0; path = MyFiveWidgets.appex; sourceTree = BUILT_PRODUCTS_DIR; };
/* End PBXFileReference section */

/* Begin PBXFrameworksBuildPhase section */
		8226845DD06A9803C9F1E0E1 /* Frameworks */ = {
			isa = PBXFrameworksBuildPhase;
			buildActionMask = 2147483647;
			files = (
			);
			runOnlyForDeploymentPostprocessing = 0;
		};
		91785813F8F5AF2EA7FBB9F2 /* Frameworks */ = {
			isa = PBXFrameworksBuildPhase;
			buildActionMask = 2147483647;
			files = (
			);
			runOnlyForDeploymentPostprocessing = 0;
		};
		6B4C0FBD7B26C24C775EFBC5 /* Frameworks */ = {
			isa = PBXFrameworksBuildPhase;
			buildActionMask = 2147483647;
			files = (
			);
			runOnlyForDeploymentPostprocessing = 0;
		};
/* End PBXFrameworksBuildPhase section */

/* Begin PBXGroup section */
		9043D6837166F1191C814862 /* MyFiveWidgets */ = {
			isa = PBXGroup;
			children = (
				770E41248E47FDFE2C0121FC /* Assets.xcassets */, 0967D1EF9FE20F04AE99D9AF /* Info.plist */, 91DC0852E90E034B7F8AF488 /* MyFiveWidgetBundle.swift */, F424DC4E356CC14C7A5DE297 /* MyFiveWidgets.entitlements */, D04F60F9B7466BA66225DA52 /* NextPrayerWidget.swift */, 7CF1E711FFF06841C44B9CB2 /* PrivacyInfo.xcprivacy */, D0FA6B08A57E4131D91956C9 /* TodayPrayersWidget.swift */,
			);
			path = MyFiveWidgets;
			sourceTree = "<group>";
		};
		E84741C3BD10AEB2D935A4F5 /* App */ = {
			isa = PBXGroup;
			children = (
				E96CCAE851145C93BE7FFA8D /* PrayerGuideApp.swift */,
			);
			path = App;
			sourceTree = "<group>";
		};
		178C83D1A416FEF0AEAF8D6C /* Data */ = {
			isa = PBXGroup;
			children = (
				2CE6083C131B877C2ED53133 /* City.swift */, 6D143E77923BD42BA0EF2795 /* CityCatalog.swift */, 861EE78C51655AE455D270F9 /* cities.json */,
			);
			path = Data;
			sourceTree = "<group>";
		};
		C6560E36E0C7EEE508ACEED9 /* Intents */ = {
			isa = PBXGroup;
			children = (
				66F05AFF240B66BC03A6AAC2 /* MyFiveIntents.swift */,
			);
			path = Intents;
			sourceTree = "<group>";
		};
		87C345EB7C671EF3C7BCA459 /* PrayerTimes */ = {
			isa = PBXGroup;
			children = (
				7E3BD502AAB5706545CD1E75 /* PrayerTimeEngine.swift */,
			);
			path = PrayerTimes;
			sourceTree = "<group>";
		};
		01BB51E97A1322B13D685566 /* Resources */ = {
			isa = PBXGroup;
			children = (
				2062A7A4CD58571DE9D7FBC1 /* Assets.xcassets */, CDB628049BD29D8D7BC303B1 /* PrayerGuide.entitlements */, D4FE38E2584573E6FC3F1844 /* PrivacyInfo.xcprivacy */,
			);
			path = Resources;
			sourceTree = "<group>";
		};
		5535A37B65FC651D8190848A /* Services */ = {
			isa = PBXGroup;
			children = (
				FB281D870E261EC05F0EE53B /* LocationService.swift */, DACAE8C0FEB484A68AB3DA40 /* NotificationScheduler.swift */, 192E8D920962C126E927A9BA /* SettingsStore.swift */, 59A13D0C1D57F0F82BCFA414 /* TodayModel.swift */,
			);
			path = Services;
			sourceTree = "<group>";
		};
		363DF75FA091A912B8DD0544 /* Shared */ = {
			isa = PBXGroup;
			children = (
				B619D0567E620AEE94D468AF /* PrayerAlertPlan.swift */, E08DCB818AFEC7B98A75D249 /* PrayerSnapshot.swift */, 56D2B43E1DB4121BB52F2EBC /* SharedPreferences.swift */,
			);
			path = Shared;
			sourceTree = "<group>";
		};
		183ACDE68BFD9D22159C169C /* Theme */ = {
			isa = PBXGroup;
			children = (
				D53F756DA4CB47017A58F1CB /* Palette.swift */,
			);
			path = Theme;
			sourceTree = "<group>";
		};
		AF1AA48A008E6C7BB913B66E /* Views */ = {
			isa = PBXGroup;
			children = (
				74A754263FDFE37B4B4B2BD4 /* CitySearchView.swift */, E8A8CE0405EFF8C322EC2B91 /* SettingsScreen.swift */, 6D2B48E7994B8FB92EAD312E /* TodayView.swift */,
			);
			path = Views;
			sourceTree = "<group>";
		};
		CD37200B59E6DFD535ADC14F /* PrayerGuideTests */ = {
			isa = PBXGroup;
			children = (
				867FD8C40AE739F47E4FBC0C /* CityCatalogTests.swift */, ECF3A79169494B3977A0899C /* PrayerAlertPlanTests.swift */, 8DD7847868199EB22041EEA9 /* PrayerTimeEngineTests.swift */,
			);
			path = PrayerGuideTests;
			sourceTree = "<group>";
		};
		DC76E9F0C0006E8F919E0C51 = {
			isa = PBXGroup;
			children = (
				1DF401F405384E02A0BF02D3 /* PrayerGuide */,
				9043D6837166F1191C814862 /* MyFiveWidgets */,
				12E9DF2F0820E9F612A165AB /* PrayerGuideTests */,
				FBDC4F23F93125BBEEAE800C /* Products */,
			);
			sourceTree = "<group>";
		};
		FBDC4F23F93125BBEEAE800C /* Products */ = {
			isa = PBXGroup;
			children = (
				5718BA8B2965F0F686C8E55B /* PrayerGuide.app */,
				1B57B0C87A58442C489D3141 /* MyFiveWidgets.appex */,
				87D1F151250A9FF7B6372D46 /* PrayerGuideTests.xctest */,
			);
			name = Products;
			sourceTree = "<group>";
		};
		1DF401F405384E02A0BF02D3 /* PrayerGuide */ = {
			isa = PBXGroup;
			children = (
				E84741C3BD10AEB2D935A4F5 /* App */, 178C83D1A416FEF0AEAF8D6C /* Data */, C6560E36E0C7EEE508ACEED9 /* Intents */, 87C345EB7C671EF3C7BCA459 /* PrayerTimes */, 01BB51E97A1322B13D685566 /* Resources */, 5535A37B65FC651D8190848A /* Services */, 363DF75FA091A912B8DD0544 /* Shared */, 183ACDE68BFD9D22159C169C /* Theme */, AF1AA48A008E6C7BB913B66E /* Views */,
			);
			path = PrayerGuide;
			sourceTree = "<group>";
		};
		12E9DF2F0820E9F612A165AB /* PrayerGuideTests */ = {
			isa = PBXGroup;
			children = (
				8DD7847868199EB22041EEA9 /* PrayerTimeEngineTests.swift */, 867FD8C40AE739F47E4FBC0C /* CityCatalogTests.swift */, ECF3A79169494B3977A0899C /* PrayerAlertPlanTests.swift */,
			);
			path = PrayerGuideTests;
			sourceTree = "<group>";
		};

/* End PBXGroup section */

/* Begin PBXNativeTarget section */
		CCD1BDFE40AA20836710EC01 /* PrayerGuide */ = {
			isa = PBXNativeTarget;
			buildConfigurationList = D4BA8D936F9922A4712718DE /* Build configuration list for PBXNativeTarget "PrayerGuide" */;
			buildPhases = (
				DE54E274973760DB10C0103F /* Sources */,
				8226845DD06A9803C9F1E0E1 /* Frameworks */,
				3073F9BACE8365BB56700AF3 /* Resources */,
				060C35239F908B8E4EB554F4 /* Embed Foundation Extensions */,
			);
			buildRules = (
			);
			dependencies = (
				72E518DB56FE0DD55F893E7D /* PBXTargetDependency */,
			);
			name = PrayerGuide;
			productName = PrayerGuide;
			productReference = 5718BA8B2965F0F686C8E55B /* PrayerGuide.app */;
			productType = "com.apple.product-type.application";
		};
		261EC7E8302EBAF96062E8C8 /* PrayerGuideTests */ = {
			isa = PBXNativeTarget;
			buildConfigurationList = 2F61791C5C49767D5B6CBEC2 /* Build configuration list for PBXNativeTarget "PrayerGuideTests" */;
			buildPhases = (
				4BC83E4CFC8C33EEDB9A3EA0 /* Sources */,
				91785813F8F5AF2EA7FBB9F2 /* Frameworks */,
			);
			buildRules = (
			);
			dependencies = (
				DE58E2B17C19600779694943 /* PBXTargetDependency */,
			);
			name = PrayerGuideTests;
			productName = PrayerGuideTests;
			productReference = 87D1F151250A9FF7B6372D46 /* PrayerGuideTests.xctest */;
			productType = "com.apple.product-type.bundle.unit-test";
		};
		ADEAF5E167D4943BE484764E /* MyFiveWidgets */ = {
			isa = PBXNativeTarget;
			buildConfigurationList = F9B5ABFB48DBEAE075A34390 /* Build configuration list for PBXNativeTarget "MyFiveWidgets" */;
			buildPhases = (
				FBE9117EB1A601F6D94ED27D /* Sources */,
				6B4C0FBD7B26C24C775EFBC5 /* Frameworks */,
				4E00C9015D9765EE6534B42C /* Resources */,
			);
			buildRules = (
			);
			dependencies = (
			);
			name = MyFiveWidgets;
			productName = MyFiveWidgets;
			productReference = 1B57B0C87A58442C489D3141 /* MyFiveWidgets.appex */;
			productType = "com.apple.product-type.app-extension";
		};
/* End PBXNativeTarget section */

/* Begin PBXProject section */
		98F54143AB4E86B28C3AFEE0 /* Project object */ = {
			isa = PBXProject;
			attributes = {
				BuildIndependentTargetsInParallel = 1;
				LastSwiftUpdateCheck = 1500;
				LastUpgradeCheck = 1500;
				TargetAttributes = {
					CCD1BDFE40AA20836710EC01 = {
						CreatedOnToolsVersion = 15.0;
					};
					261EC7E8302EBAF96062E8C8 = {
						CreatedOnToolsVersion = 15.0;
						TestTargetID = CCD1BDFE40AA20836710EC01;
					};
					ADEAF5E167D4943BE484764E = {
						CreatedOnToolsVersion = 15.0;
					};
				};
			};
			buildConfigurationList = 7FB635FF76817FFD4AF1408F /* Build configuration list for PBXProject "PrayerGuide" */;
			compatibilityVersion = "Xcode 15.0";
			developmentRegion = "en-GB";
			hasScannedForEncodings = 0;
			knownRegions = (
				"en-GB",
				en,
				Base,
			);
			mainGroup = DC76E9F0C0006E8F919E0C51;
			productRefGroup = FBDC4F23F93125BBEEAE800C /* Products */;
			projectDirPath = "";
			projectRoot = "";
			targets = (
				CCD1BDFE40AA20836710EC01 /* PrayerGuide */,
				ADEAF5E167D4943BE484764E /* MyFiveWidgets */,
				261EC7E8302EBAF96062E8C8 /* PrayerGuideTests */,
			);
		};
/* End PBXProject section */

/* Begin PBXResourcesBuildPhase section */
		3073F9BACE8365BB56700AF3 /* Resources */ = {
			isa = PBXResourcesBuildPhase;
			buildActionMask = 2147483647;
			files = (
				8B4349EF0E52C0EC9B7F2BFF /* Assets.xcassets in Resources */,
				658EBA8CE3AD785D1F9C94B9 /* PrivacyInfo.xcprivacy in Resources */,
				D68BDEA1E58B0E979BB36E74 /* cities.json in Resources */,
			);
			runOnlyForDeploymentPostprocessing = 0;
		};
		4E00C9015D9765EE6534B42C /* Resources */ = {
			isa = PBXResourcesBuildPhase;
			buildActionMask = 2147483647;
			files = (
				F5ACF36155FC9C24419FCEDC /* Assets.xcassets in Resources */,
				17A3B8224464C934C283C23D /* PrivacyInfo.xcprivacy in Resources */,
			);
			runOnlyForDeploymentPostprocessing = 0;
		};
/* End PBXResourcesBuildPhase section */

/* Begin PBXSourcesBuildPhase section */
		DE54E274973760DB10C0103F /* Sources */ = {
			isa = PBXSourcesBuildPhase;
			buildActionMask = 2147483647;
			files = (
				1EB6C53FE4B3B76CA2572CC0 /* PrayerGuideApp.swift in Sources */,
				F68DF58813821165964BC1D5 /* TodayView.swift in Sources */,
				46ADE2E702DB47A0042189C8 /* CitySearchView.swift in Sources */,
				A5FF006FC3748C2B072292EF /* SettingsScreen.swift in Sources */,
				511718D2DC98EC0B9AC568D4 /* CityCatalog.swift in Sources */,
				92A5871E92A0C93F7CCC483E /* SettingsStore.swift in Sources */,
				B2AEF611F01935D00EDD3406 /* LocationService.swift in Sources */,
				7D63682FB8F5BBA01D382EAE /* NotificationScheduler.swift in Sources */,
				E165F2A341803E5E0C69B9B8 /* TodayModel.swift in Sources */,
				917E5E5F0BED7B25BC08E2F6 /* PrayerAlertPlan.swift in Sources */,
				8F1275163FBB37FB44172ED9 /* MyFiveIntents.swift in Sources */,
				AC1684B7E0446A772D6812E9 /* PrayerTimeEngine.swift in Sources */,
				E6C20F38EF54E7E65BE7364D /* City.swift in Sources */,
				2A92CB235E796D373B36820C /* Palette.swift in Sources */,
				8FC3EA58816D953F5D0CF3C4 /* SharedPreferences.swift in Sources */,
				EE9D7A0C3345B9A689266CA8 /* PrayerSnapshot.swift in Sources */,
			);
			runOnlyForDeploymentPostprocessing = 0;
		};
		FBE9117EB1A601F6D94ED27D /* Sources */ = {
			isa = PBXSourcesBuildPhase;
			buildActionMask = 2147483647;
			files = (
				530C62FA314A05D76E173A08 /* MyFiveWidgetBundle.swift in Sources */,
				869A054EAF511F1145962DDB /* NextPrayerWidget.swift in Sources */,
				3DF6ACE50D6D40DFF7868599 /* TodayPrayersWidget.swift in Sources */,
				EC614FED95574F57FA07C18F /* PrayerTimeEngine.swift in Sources */,
				6EF67D664852A4370DE91070 /* City.swift in Sources */,
				0872ADA1840F74697E5DEB87 /* Palette.swift in Sources */,
				80A5318F2006D73BF0E13C75 /* SharedPreferences.swift in Sources */,
				D53A5EDF49099AE02F144692 /* PrayerSnapshot.swift in Sources */,
			);
			runOnlyForDeploymentPostprocessing = 0;
		};
		4BC83E4CFC8C33EEDB9A3EA0 /* Sources */ = {
			isa = PBXSourcesBuildPhase;
			buildActionMask = 2147483647;
			files = (
				4823B38152121521F941ED1F /* PrayerTimeEngineTests.swift in Sources */,
				06A1BF25A1FC0A1FBF4526E2 /* CityCatalogTests.swift in Sources */,
				A735DEF58AB9F28A9BB8E8BA /* PrayerAlertPlanTests.swift in Sources */,
			);
			runOnlyForDeploymentPostprocessing = 0;
		};
/* End PBXSourcesBuildPhase section */

/* Begin PBXTargetDependency section */
		DE58E2B17C19600779694943 /* PBXTargetDependency */ = {
			isa = PBXTargetDependency;
			target = CCD1BDFE40AA20836710EC01 /* PrayerGuide */;
			targetProxy = D799BAE6088A90139B415FCC /* PBXContainerItemProxy */;
		};
		72E518DB56FE0DD55F893E7D /* PBXTargetDependency */ = {
			isa = PBXTargetDependency;
			target = ADEAF5E167D4943BE484764E /* MyFiveWidgets */;
			targetProxy = EE75F2064180905B610A7AAE /* PBXContainerItemProxy */;
		};
/* End PBXTargetDependency section */

/* Begin XCBuildConfiguration section */
		5E8ACABCCBE1DB5D311988C9 /* Debug */ = {
			isa = XCBuildConfiguration;
			buildSettings = {
				ALWAYS_SEARCH_USER_PATHS = NO;
				ASSETCATALOG_COMPILER_GENERATE_SWIFT_ASSET_SYMBOL_EXTENSIONS = YES;
				CLANG_ANALYZER_NONNULL = YES;
				CLANG_ANALYZER_NUMBER_OBJECT_CONVERSION = YES_AGGRESSIVE;
				CLANG_CXX_LANGUAGE_STANDARD = "gnu++20";
				CLANG_ENABLE_MODULES = YES;
				CLANG_ENABLE_OBJC_ARC = YES;
				CLANG_ENABLE_OBJC_WEAK = YES;
				CLANG_WARN_BLOCK_CAPTURE_AUTORELEASING = YES;
				CLANG_WARN_BOOL_CONVERSION = YES;
				CLANG_WARN_COMMA = YES;
				CLANG_WARN_CONSTANT_CONVERSION = YES;
				CLANG_WARN_DEPRECATED_OBJC_IMPLEMENTATIONS = YES;
				CLANG_WARN_DIRECT_OBJC_ISA_USAGE = YES_ERROR;
				CLANG_WARN_DOCUMENTATION_COMMENTS = YES;
				CLANG_WARN_EMPTY_BODY = YES;
				CLANG_WARN_ENUM_CONVERSION = YES;
				CLANG_WARN_INFINITE_RECURSION = YES;
				CLANG_WARN_INT_CONVERSION = YES;
				CLANG_WARN_NON_LITERAL_NULL_CONVERSION = YES;
				CLANG_WARN_OBJC_IMPLICIT_RETAIN_SELF = YES;
				CLANG_WARN_OBJC_LITERAL_CONVERSION = YES;
				CLANG_WARN_OBJC_ROOT_CLASS = YES_ERROR;
				CLANG_WARN_QUOTED_INCLUDE_IN_FRAMEWORK_HEADER = YES;
				CLANG_WARN_RANGE_LOOP_ANALYSIS = YES;
				CLANG_WARN_STRICT_PROTOTYPES = YES;
				CLANG_WARN_SUSPICIOUS_MOVE = YES;
				CLANG_WARN_UNGUARDED_AVAILABILITY = YES_AGGRESSIVE;
				CLANG_WARN_UNREACHABLE_CODE = YES;
				CLANG_WARN__DUPLICATE_METHOD_MATCH = YES;
				COPY_PHASE_STRIP = NO;
				DEBUG_INFORMATION_FORMAT = dwarf;
				ENABLE_STRICT_OBJC_MSGSEND = YES;
				ENABLE_TESTABILITY = YES;
				ENABLE_USER_SCRIPT_SANDBOXING = YES;
				GCC_C_LANGUAGE_STANDARD = gnu17;
				GCC_DYNAMIC_NO_PIC = NO;
				GCC_NO_COMMON_BLOCKS = YES;
				GCC_OPTIMIZATION_LEVEL = 0;
				GCC_PREPROCESSOR_DEFINITIONS = ("DEBUG=1", "$(inherited)", );
				GCC_WARN_64_TO_32_BIT_CONVERSION = YES;
				GCC_WARN_ABOUT_RETURN_TYPE = YES_ERROR;
				GCC_WARN_UNDECLARED_SELECTOR = YES;
				GCC_WARN_UNINITIALIZED_AUTOS = YES_AGGRESSIVE;
				GCC_WARN_UNUSED_FUNCTION = YES;
				GCC_WARN_UNUSED_VARIABLE = YES;
				IPHONEOS_DEPLOYMENT_TARGET = 17.0;
				LOCALIZATION_PREFERS_STRING_CATALOGS = YES;
				MTL_ENABLE_DEBUG_INFO = INCLUDE_SOURCE;
				MTL_FAST_MATH = YES;
				ONLY_ACTIVE_ARCH = YES;
				SDKROOT = iphoneos;
				SWIFT_ACTIVE_COMPILATION_CONDITIONS = "DEBUG $(inherited)";
				SWIFT_OPTIMIZATION_LEVEL = "-Onone";
				SWIFT_STRICT_CONCURRENCY = targeted;
			};
			name = Debug;
		};
		F84FD35CA8548076F2B51EDF /* Release */ = {
			isa = XCBuildConfiguration;
			buildSettings = {
				ALWAYS_SEARCH_USER_PATHS = NO;
				ASSETCATALOG_COMPILER_GENERATE_SWIFT_ASSET_SYMBOL_EXTENSIONS = YES;
				CLANG_ANALYZER_NONNULL = YES;
				CLANG_ANALYZER_NUMBER_OBJECT_CONVERSION = YES_AGGRESSIVE;
				CLANG_CXX_LANGUAGE_STANDARD = "gnu++20";
				CLANG_ENABLE_MODULES = YES;
				CLANG_ENABLE_OBJC_ARC = YES;
				CLANG_ENABLE_OBJC_WEAK = YES;
				CLANG_WARN_BLOCK_CAPTURE_AUTORELEASING = YES;
				CLANG_WARN_BOOL_CONVERSION = YES;
				CLANG_WARN_COMMA = YES;
				CLANG_WARN_CONSTANT_CONVERSION = YES;
				CLANG_WARN_DEPRECATED_OBJC_IMPLEMENTATIONS = YES;
				CLANG_WARN_DIRECT_OBJC_ISA_USAGE = YES_ERROR;
				CLANG_WARN_DOCUMENTATION_COMMENTS = YES;
				CLANG_WARN_EMPTY_BODY = YES;
				CLANG_WARN_ENUM_CONVERSION = YES;
				CLANG_WARN_INFINITE_RECURSION = YES;
				CLANG_WARN_INT_CONVERSION = YES;
				CLANG_WARN_NON_LITERAL_NULL_CONVERSION = YES;
				CLANG_WARN_OBJC_IMPLICIT_RETAIN_SELF = YES;
				CLANG_WARN_OBJC_LITERAL_CONVERSION = YES;
				CLANG_WARN_OBJC_ROOT_CLASS = YES_ERROR;
				CLANG_WARN_QUOTED_INCLUDE_IN_FRAMEWORK_HEADER = YES;
				CLANG_WARN_RANGE_LOOP_ANALYSIS = YES;
				CLANG_WARN_STRICT_PROTOTYPES = YES;
				CLANG_WARN_SUSPICIOUS_MOVE = YES;
				CLANG_WARN_UNGUARDED_AVAILABILITY = YES_AGGRESSIVE;
				CLANG_WARN_UNREACHABLE_CODE = YES;
				CLANG_WARN__DUPLICATE_METHOD_MATCH = YES;
				COPY_PHASE_STRIP = NO;
				DEBUG_INFORMATION_FORMAT = "dwarf-with-dsym";
				ENABLE_NS_ASSERTIONS = NO;
				ENABLE_STRICT_OBJC_MSGSEND = YES;
				ENABLE_USER_SCRIPT_SANDBOXING = YES;
				GCC_C_LANGUAGE_STANDARD = gnu17;
				GCC_NO_COMMON_BLOCKS = YES;
				GCC_WARN_64_TO_32_BIT_CONVERSION = YES;
				GCC_WARN_ABOUT_RETURN_TYPE = YES_ERROR;
				GCC_WARN_UNDECLARED_SELECTOR = YES;
				GCC_WARN_UNINITIALIZED_AUTOS = YES_AGGRESSIVE;
				GCC_WARN_UNUSED_FUNCTION = YES;
				GCC_WARN_UNUSED_VARIABLE = YES;
				IPHONEOS_DEPLOYMENT_TARGET = 17.0;
				LOCALIZATION_PREFERS_STRING_CATALOGS = YES;
				MTL_ENABLE_DEBUG_INFO = NO;
				MTL_FAST_MATH = YES;
				SDKROOT = iphoneos;
				SWIFT_COMPILATION_MODE = wholemodule;
				SWIFT_STRICT_CONCURRENCY = targeted;
				VALIDATE_PRODUCT = YES;
			};
			name = Release;
		};
		9303EFBCAFCD82C17933C9EB /* Debug */ = {
			isa = XCBuildConfiguration;
			buildSettings = {
				ASSETCATALOG_COMPILER_APPICON_NAME = AppIcon;
				ASSETCATALOG_COMPILER_GLOBAL_ACCENT_COLOR_NAME = AccentColor;
				CODE_SIGN_ENTITLEMENTS = PrayerGuide/Resources/PrayerGuide.entitlements;
				CODE_SIGN_STYLE = Automatic;
				CURRENT_PROJECT_VERSION = 3;
				DEVELOPMENT_TEAM = "";
				ENABLE_PREVIEWS = YES;
				GENERATE_INFOPLIST_FILE = YES;
				INFOPLIST_KEY_CFBundleDisplayName = "My Five";
				INFOPLIST_KEY_ITSAppUsesNonExemptEncryption = NO;
				INFOPLIST_KEY_LSApplicationCategoryType = "public.app-category.lifestyle";
				INFOPLIST_KEY_NSLocationWhenInUseUsageDescription = "My Five uses your location only to calculate salah times for where you are. Times are worked out on this iPhone and are never sent anywhere. You can refuse and pick a city instead.";
				INFOPLIST_KEY_UIApplicationSceneManifest_Generation = YES;
				INFOPLIST_KEY_UIApplicationSupportsIndirectInputEvents = YES;
				INFOPLIST_KEY_UILaunchScreen_Generation = YES;
				INFOPLIST_KEY_UISupportedInterfaceOrientations = UIInterfaceOrientationPortrait;
				LD_RUNPATH_SEARCH_PATHS = ("$(inherited)", "@executable_path/Frameworks", );
				MARKETING_VERSION = 1.0;
				PRODUCT_BUNDLE_IDENTIFIER = ai.desklink.prayerguide;
				PRODUCT_NAME = PrayerGuide;
				SUPPORTED_PLATFORMS = "iphoneos iphonesimulator";
				SUPPORTS_MACCATALYST = NO;
				SUPPORTS_MAC_DESIGNED_FOR_IPHONE_IPAD = NO;
				SUPPORTS_XR_DESIGNED_FOR_IPHONE_IPAD = NO;
				SWIFT_EMIT_LOC_STRINGS = YES;
				SWIFT_VERSION = 5.0;
				TARGETED_DEVICE_FAMILY = 1;
			};
			name = Debug;
		};
		0F8B4C7FB77C768D3A78A504 /* Release */ = {
			isa = XCBuildConfiguration;
			buildSettings = {
				ASSETCATALOG_COMPILER_APPICON_NAME = AppIcon;
				ASSETCATALOG_COMPILER_GLOBAL_ACCENT_COLOR_NAME = AccentColor;
				CODE_SIGN_ENTITLEMENTS = PrayerGuide/Resources/PrayerGuide.entitlements;
				CODE_SIGN_STYLE = Automatic;
				CURRENT_PROJECT_VERSION = 3;
				DEVELOPMENT_TEAM = "";
				ENABLE_PREVIEWS = YES;
				GENERATE_INFOPLIST_FILE = YES;
				INFOPLIST_KEY_CFBundleDisplayName = "My Five";
				INFOPLIST_KEY_ITSAppUsesNonExemptEncryption = NO;
				INFOPLIST_KEY_LSApplicationCategoryType = "public.app-category.lifestyle";
				INFOPLIST_KEY_NSLocationWhenInUseUsageDescription = "My Five uses your location only to calculate salah times for where you are. Times are worked out on this iPhone and are never sent anywhere. You can refuse and pick a city instead.";
				INFOPLIST_KEY_UIApplicationSceneManifest_Generation = YES;
				INFOPLIST_KEY_UIApplicationSupportsIndirectInputEvents = YES;
				INFOPLIST_KEY_UILaunchScreen_Generation = YES;
				INFOPLIST_KEY_UISupportedInterfaceOrientations = UIInterfaceOrientationPortrait;
				LD_RUNPATH_SEARCH_PATHS = ("$(inherited)", "@executable_path/Frameworks", );
				MARKETING_VERSION = 1.0;
				PRODUCT_BUNDLE_IDENTIFIER = ai.desklink.prayerguide;
				PRODUCT_NAME = PrayerGuide;
				SUPPORTED_PLATFORMS = "iphoneos iphonesimulator";
				SUPPORTS_MACCATALYST = NO;
				SUPPORTS_MAC_DESIGNED_FOR_IPHONE_IPAD = NO;
				SUPPORTS_XR_DESIGNED_FOR_IPHONE_IPAD = NO;
				SWIFT_EMIT_LOC_STRINGS = YES;
				SWIFT_VERSION = 5.0;
				TARGETED_DEVICE_FAMILY = 1;
			};
			name = Release;
		};
		1DAA2CFFBF6E2812445B9A1F /* Debug */ = {
			isa = XCBuildConfiguration;
			buildSettings = {
				BUNDLE_LOADER = "$(TEST_HOST)";
				CODE_SIGN_STYLE = Automatic;
				CURRENT_PROJECT_VERSION = 3;
				DEVELOPMENT_TEAM = "";
				GENERATE_INFOPLIST_FILE = YES;
				IPHONEOS_DEPLOYMENT_TARGET = 17.0;
				MARKETING_VERSION = 1.0;
				PRODUCT_BUNDLE_IDENTIFIER = ai.desklink.prayerguide.tests;
				PRODUCT_NAME = "$(TARGET_NAME)";
				SUPPORTED_PLATFORMS = "iphoneos iphonesimulator";
				SWIFT_EMIT_LOC_STRINGS = NO;
				SWIFT_VERSION = 5.0;
				TARGETED_DEVICE_FAMILY = 1;
				TEST_HOST = "$(BUILT_PRODUCTS_DIR)/PrayerGuide.app/$(BUNDLE_EXECUTABLE_FOLDER_PATH)/PrayerGuide";
			};
			name = Debug;
		};
		30C48ACA9D3ED5BF1ECACF5C /* Release */ = {
			isa = XCBuildConfiguration;
			buildSettings = {
				BUNDLE_LOADER = "$(TEST_HOST)";
				CODE_SIGN_STYLE = Automatic;
				CURRENT_PROJECT_VERSION = 3;
				DEVELOPMENT_TEAM = "";
				GENERATE_INFOPLIST_FILE = YES;
				IPHONEOS_DEPLOYMENT_TARGET = 17.0;
				MARKETING_VERSION = 1.0;
				PRODUCT_BUNDLE_IDENTIFIER = ai.desklink.prayerguide.tests;
				PRODUCT_NAME = "$(TARGET_NAME)";
				SUPPORTED_PLATFORMS = "iphoneos iphonesimulator";
				SWIFT_EMIT_LOC_STRINGS = NO;
				SWIFT_VERSION = 5.0;
				TARGETED_DEVICE_FAMILY = 1;
				TEST_HOST = "$(BUILT_PRODUCTS_DIR)/PrayerGuide.app/$(BUNDLE_EXECUTABLE_FOLDER_PATH)/PrayerGuide";
			};
			name = Release;
		};
		B2449CC5E4C110B28DB6F50B /* Debug */ = {
			isa = XCBuildConfiguration;
			buildSettings = {
				APPLICATION_EXTENSION_API_ONLY = YES;
				ASSETCATALOG_COMPILER_GLOBAL_ACCENT_COLOR_NAME = AccentColor;
				CODE_SIGN_ENTITLEMENTS = MyFiveWidgets/MyFiveWidgets.entitlements;
				CODE_SIGN_STYLE = Automatic;
				CURRENT_PROJECT_VERSION = 3;
				DEVELOPMENT_TEAM = "";
				GENERATE_INFOPLIST_FILE = YES;
				INFOPLIST_FILE = MyFiveWidgets/Info.plist;
				INFOPLIST_KEY_CFBundleDisplayName = "My Five";
				INFOPLIST_KEY_NSHumanReadableCopyright = "";
				LD_RUNPATH_SEARCH_PATHS = ("$(inherited)", "@executable_path/Frameworks", "@executable_path/../../Frameworks", );
				MARKETING_VERSION = 1.0;
				PRODUCT_BUNDLE_IDENTIFIER = ai.desklink.prayerguide.widgets;
				PRODUCT_NAME = MyFiveWidgets;
				SKIP_INSTALL = YES;
				SUPPORTED_PLATFORMS = "iphoneos iphonesimulator";
				SWIFT_EMIT_LOC_STRINGS = YES;
				SWIFT_VERSION = 5.0;
				TARGETED_DEVICE_FAMILY = 1;
			};
			name = Debug;
		};
		A1DC914377F49283DE8E215A /* Release */ = {
			isa = XCBuildConfiguration;
			buildSettings = {
				APPLICATION_EXTENSION_API_ONLY = YES;
				ASSETCATALOG_COMPILER_GLOBAL_ACCENT_COLOR_NAME = AccentColor;
				CODE_SIGN_ENTITLEMENTS = MyFiveWidgets/MyFiveWidgets.entitlements;
				CODE_SIGN_STYLE = Automatic;
				CURRENT_PROJECT_VERSION = 3;
				DEVELOPMENT_TEAM = "";
				GENERATE_INFOPLIST_FILE = YES;
				INFOPLIST_FILE = MyFiveWidgets/Info.plist;
				INFOPLIST_KEY_CFBundleDisplayName = "My Five";
				INFOPLIST_KEY_NSHumanReadableCopyright = "";
				LD_RUNPATH_SEARCH_PATHS = ("$(inherited)", "@executable_path/Frameworks", "@executable_path/../../Frameworks", );
				MARKETING_VERSION = 1.0;
				PRODUCT_BUNDLE_IDENTIFIER = ai.desklink.prayerguide.widgets;
				PRODUCT_NAME = MyFiveWidgets;
				SKIP_INSTALL = YES;
				SUPPORTED_PLATFORMS = "iphoneos iphonesimulator";
				SWIFT_EMIT_LOC_STRINGS = YES;
				SWIFT_VERSION = 5.0;
				TARGETED_DEVICE_FAMILY = 1;
			};
			name = Release;
		};
/* End XCBuildConfiguration section */

/* Begin XCConfigurationList section */
		7FB635FF76817FFD4AF1408F /* Build configuration list for PBXProject "PrayerGuide" */ = {
			isa = XCConfigurationList;
			buildConfigurations = (
				5E8ACABCCBE1DB5D311988C9 /* Debug */,
				F84FD35CA8548076F2B51EDF /* Release */,
			);
			defaultConfigurationIsVisible = 0;
			defaultConfigurationName = Release;
		};
		D4BA8D936F9922A4712718DE /* Build configuration list for PBXNativeTarget "PrayerGuide" */ = {
			isa = XCConfigurationList;
			buildConfigurations = (
				9303EFBCAFCD82C17933C9EB /* Debug */,
				0F8B4C7FB77C768D3A78A504 /* Release */,
			);
			defaultConfigurationIsVisible = 0;
			defaultConfigurationName = Release;
		};
		2F61791C5C49767D5B6CBEC2 /* Build configuration list for PBXNativeTarget "PrayerGuideTests" */ = {
			isa = XCConfigurationList;
			buildConfigurations = (
				1DAA2CFFBF6E2812445B9A1F /* Debug */,
				30C48ACA9D3ED5BF1ECACF5C /* Release */,
			);
			defaultConfigurationIsVisible = 0;
			defaultConfigurationName = Release;
		};
		F9B5ABFB48DBEAE075A34390 /* Build configuration list for PBXNativeTarget "MyFiveWidgets" */ = {
			isa = XCConfigurationList;
			buildConfigurations = (
				B2449CC5E4C110B28DB6F50B /* Debug */,
				A1DC914377F49283DE8E215A /* Release */,
			);
			defaultConfigurationIsVisible = 0;
			defaultConfigurationName = Release;
		};
/* End XCConfigurationList section */
	};
	rootObject = 98F54143AB4E86B28C3AFEE0 /* Project object */;
}
